
Microsoft Visual Studio Solution File, Format Version 12.00
# Visual Studio Version 17
VisualStudioVersion = 17.13.35828.75 d17.13
MinimumVisualStudioVersion = 10.0.40219.1
Project("{FAE04EC0-301F-11D3-BF4B-00C04F79EFBC}") = "CarlosAriel26032025.AppWebMVC", "CarlosAriel26032025.AppWebMVC\CarlosAriel26032025.AppWebMVC.csproj", "{D3A21F9E-A0AD-4312-A54B-86638CE69C28}"
EndProject
Global
	GlobalSection(SolutionConfigurationPlatforms) = preSolution
		Debug|Any CPU = Debug|Any CPU
		Release|Any CPU = Release|Any CPU
	EndGlobalSection
	GlobalSection(ProjectConfigurationPlatforms) = postSolution
		{D3A21F9E-A0AD-4312-A54B-86638CE69C28}.Debug|Any CPU.ActiveCfg = Debug|Any CPU
		{D3A21F9E-A0AD-4312-A54B-86638CE69C28}.Debug|Any CPU.Build.0 = Debug|Any CPU
		{D3A21F9E-A0AD-4312-A54B-86638CE69C28}.Release|Any CPU.ActiveCfg = Release|Any CPU
		{D3A21F9E-A0AD-4312-A54B-86638CE69C28}.Release|Any CPU.Build.0 = Release|Any CPU
	EndGlobalSection
	GlobalSection(SolutionProperties) = preSolution
		HideSolutionNode = FALSE
	EndGlobalSection
	GlobalSection(ExtensibilityGlobals) = postSolution
		SolutionGuid = {7D07973C-5DFE-450E-82AB-BD618CBE1E46}
	EndGlobalSection
EndGlobal
